// !$*UTF8*$!
{
	archiveVersion = 1;
	classes = {
	};
	objectVersion = 50;
	objects = {

/* Begin PBXBuildFile section */
		09972FDD220C164100B4EAAA /* AppDelegate.swift in Sources */ = {isa = PBXBuildFile; fileRef = 09972FDC220C164100B4EAAA /* AppDelegate.swift */; };
		09972FDF220C164100B4EAAA /* ViewController.swift in Sources */ = {isa = PBXBuildFile; fileRef = 09972FDE220C164100B4EAAA /* ViewController.swift */; };
		09972FE2220C164100B4EAAA /* Main.storyboard in Resources */ = {isa = PBXBuildFile; fileRef = 09972FE0220C164100B4EAAA /* Main.storyboard */; };
		09972FE4220C164200B4EAAA /* Assets.xcassets in Resources */ = {isa = PBXBuildFile; fileRef = 09972FE3220C164200B4EAAA /* Assets.xcassets */; };
		09972FE7220C164200B4EAAA /* LaunchScreen.storyboard in Resources */ = {isa = PBXBuildFile; fileRef = 09972FE5220C164200B4EAAA /* LaunchScreen.storyboard */; };
		09972FF2220C164200B4EAAA /* Multipeer_GameTests.swift in Sources */ = {isa = PBXBuildFile; fileRef = 09972FF1220C164200B4EAAA /* Multipeer_GameTests.swift */; };
		09972FFD220C164200B4EAAA /* Multipeer_GameUITests.swift in Sources */ = {isa = PBXBuildFile; fileRef = 09972FFC220C164200B4EAAA /* Multipeer_GameUITests.swift */; };
/* End PBXBuildFile section */

/* Begin PBXContainerItemProxy section */
		09972FEE220C164200B4EAAA /* PBXContainerItemProxy */ = {
			isa = PBXContainerItemProxy;
			containerPortal = 09972FD1220C164100B4EAAA /* Project object */;
			proxyType = 1;
			remoteGlobalIDString = 09972FD8220C164100B4EAAA;
			remoteInfo = Multipeer_Game;
		};
		09972FF9220C164200B4EAAA /* PBXContainerItemProxy */ = {
			isa = PBXContainerItemProxy;
			containerPortal = 09972FD1220C164100B4EAAA /* Project object */;
			proxyType = 1;
			remoteGlobalIDString = 09972FD8220C164100B4EAAA;
			remoteInfo = Multipeer_Game;
		};
/* End PBXContainerItemProxy section */

/* Begin PBXFileReference section */
		09972FD9220C164100B4EAAA /* Multipeer_Game.app */ = {isa = PBXFileReference; explicitFileType = wrapper.application; includeInIndex = 0; path = Multipeer_Game.app; sourceTree = BUILT_PRODUCTS_DIR; };
		09972FDC220C164100B4EAAA /* AppDelegate.swift */ = {isa = PBXFileReference; lastKnownFileType = sourcecode.swift; path = AppDelegate.swift; sourceTree = "<group>"; };
		09972FDE220C164100B4EAAA /* ViewController.swift */ = {isa = PBXFileReference; lastKnownFileType = sourcecode.swift; path = ViewController.swift; sourceTree = "<group>"; };
		09972FE1220C164100B4EAAA /* Base */ = {isa = PBXFileReference; lastKnownFileType = file.storyboard; name = Base; path = Base.lproj/Main.storyboard; sourceTree = "<group>"; };
		09972FE3220C164200B4EAAA /* Assets.xcassets */ = {isa = PBXFileReference; lastKnownFileType = folder.assetcatalog; path = Assets.xcassets; sourceTree = "<group>"; };
		09972FE6220C164200B4EAAA /* Base */ = {isa = PBXFileReference; lastKnownFileType = file.storyboard; name = Base; path = Base.lproj/LaunchScreen.storyboard; sourceTree = "<group>"; };
		09972FE8220C164200B4EAAA /* Info.plist */ = {isa = PBXFileReference; lastKnownFileType = text.plist.xml; path = Info.plist; sourceTree = "<group>"; };
		09972FED220C164200B4EAAA /* Multipeer_GameTests.xctest */ = {isa = PBXFileReference; explicitFileType = wrapper.cfbundle; includeInIndex = 0; path = Multipeer_GameTests.xctest; sourceTree = BUILT_PRODUCTS_DIR; };
		09972FF1220C164200B4EAAA /* Multipeer_GameTests.swift */ = {isa = PBXFileReference; lastKnownFileType = sourcecode.swift; path = Multipeer_GameTests.swift; sourceTree = "<group>"; };
		09972FF3220C164200B4EAAA /* Info.plist */ = {isa = PBXFileReference; lastKnownFileType = text.plist.xml; path = Info.plist; sourceTree = "<group>"; };
		09972FF8220C164200B4EAAA /* Multipeer_GameUITests.xctest */ = {isa = PBXFileReference; explicitFileType = wrapper.cfbundle; includeInIndex = 0; path = Multipeer_GameUITests.xctest; sourceTree = BUILT_PRODUCTS_DIR; };
		09972FFC220C164200B4EAAA /* Multipeer_GameUITests.swift */ = {isa = PBXFileReference; lastKnownFileType = sourcecode.swift; path = Multipeer_GameUITests.swift; sourceTree = "<group>"; };
		09972FFE220C164200B4EAAA /* Info.plist */ = {isa = PBXFileReference; lastKnownFileType = text.plist.xml; path = Info.plist; sourceTree = "<group>"; };
/* End PBXFileReference section */

/* Begin PBXFrameworksBuildPhase section */
		09972FD6220C164100B4EAAA /* Frameworks */ = {
			isa = PBXFrameworksBuildPhase;
			buildActionMask = 2147483647;
			files = (
			);
			runOnlyForDeploymentPostprocessing = 0;
		};
		09972FEA220C164200B4EAAA /* Frameworks */ = {
			isa = PBXFrameworksBuildPhase;
			buildActionMask = 2147483647;
			files = (
			);
			runOnlyForDeploymentPostprocessing = 0;
		};
		09972FF5220C164200B4EAAA /* Frameworks */ = {
			isa = PBXFrameworksBuildPhase;
			buildActionMask = 2147483647;
			files = (
			);
			runOnlyForDeploymentPostprocessing = 0;
		};
/* End PBXFrameworksBuildPhase section */

/* Begin PBXGroup section */
		09972FD0220C164100B4EAAA = {
			isa = PBXGroup;
			children = (
				09972FDB220C164100B4EAAA /* Multipeer_Game */,
				09972FF0220C164200B4EAAA /* Multipeer_GameTests */,
				09972FFB220C164200B4EAAA /* Multipeer_GameUITests */,
				09972FDA220C164100B4EAAA /* Products */,
			);
			sourceTree = "<group>";
		};
		09972FDA220C164100B4EAAA /* Products */ = {
			isa = PBXGroup;
			children = (
				09972FD9220C164100B4EAAA /* Multipeer_Game.app */,
				09972FED220C164200B4EAAA /* Multipeer_GameTests.xctest */,
				09972FF8220C164200B4EAAA /* Multipeer_GameUITests.xctest */,
			);
			name = Products;
			sourceTree = "<group>";
		};
		09972FDB220C164100B4EAAA /* Multipeer_Game */ = {
			isa = PBXGroup;
			children = (
				09972FDC220C164100B4EAAA /* AppDelegate.swift */,
				09972FDE220C164100B4EAAA /* ViewController.swift */,
				09972FE0220C164100B4EAAA /* Main.storyboard */,
				09972FE3220C164200B4EAAA /* Assets.xcassets */,
				09972FE5220C164200B4EAAA /* LaunchScreen.storyboard */,
				09972FE8220C164200B4EAAA /* Info.plist */,
			);
			path = Multipeer_Game;
			sourceTree = "<group>";
		};
		09972FF0220C164200B4EAAA /* Multipeer_GameTests */ = {
			isa = PBXGroup;
			children = (
				09972FF1220C164200B4EAAA /* Multipeer_GameTests.swift */,
				09972FF3220C164200B4EAAA /* Info.plist */,
			);
			path = Multipeer_GameTests;
			sourceTree = "<group>";
		};
		09972FFB220C164200B4EAAA /* Multipeer_GameUITests */ = {
			isa = PBXGroup;
			children = (
				09972FFC220C164200B4EAAA /* Multipeer_GameUITests.swift */,
				09972FFE220C164200B4EAAA /* Info.plist */,
			);
			path = Multipeer_GameUITests;
			sourceTree = "<group>";
		};
/* End PBXGroup section */

/* Begin PBXNativeTarget section */
		09972FD8220C164100B4EAAA /* Multipeer_Game */ = {
			isa = PBXNativeTarget;
			buildConfigurationList = 09973001220C164200B4EAAA /* Build configuration list for PBXNativeTarget "Multipeer_Game" */;
			buildPhases = (
				09972FD5220C164100B4EAAA /* Sources */,
				09972FD6220C164100B4EAAA /* Frameworks */,
				09972FD7220C164100B4EAAA /* Resources */,
			);
			buildRules = (
			);
			dependencies = (
			);
			name = Multipeer_Game;
			productName = Multipeer_Game;
			productReference = 09972FD9220C164100B4EAAA /* Multipeer_Game.app */;
			productType = "com.apple.product-type.application";
		};
		09972FEC220C164200B4EAAA /* Multipeer_GameTests */ = {
			isa = PBXNativeTarget;
			buildConfigurationList = 09973004220C164200B4EAAA /* Build configuration list for PBXNativeTarget "Multipeer_GameTests" */;
			buildPhases = (
				09972FE9220C164200B4EAAA /* Sources */,
				09972FEA220C164200B4EAAA /* Frameworks */,
				09972FEB220C164200B4EAAA /* Resources */,
			);
			buildRules = (
			);
			dependencies = (
				09972FEF220C164200B4EAAA /* PBXTargetDependency */,
			);
			name = Multipeer_GameTests;
			productName = Multipeer_GameTests;
			productReference = 09972FED220C164200B4EAAA /* Multipeer_GameTests.xctest */;
			productType = "com.apple.product-type.bundle.unit-test";
		};
		09972FF7220C164200B4EAAA /* Multipeer_GameUITests */ = {
			isa = PBXNativeTarget;
			buildConfigurationList = 09973007220C164200B4EAAA /* Build configuration list for PBXNativeTarget "Multipeer_GameUITests" */;
			buildPhases = (
				09972FF4220C164200B4EAAA /* Sources */,
				09972FF5220C164200B4EAAA /* Frameworks */,
				09972FF6220C164200B4EAAA /* Resources */,
			);
			buildRules = (
			);
			dependencies = (
				09972FFA220C164200B4EAAA /* PBXTargetDependency */,
			);
			name = Multipeer_GameUITests;
			productName = Multipeer_GameUITests;
			productReference = 09972FF8220C164200B4EAAA /* Multipeer_GameUITests.xctest */;
			productType = "com.apple.product-type.bundle.ui-testing";
		};
/* End PBXNativeTarget section */

/* Begin PBXProject section */
		09972FD1220C164100B4EAAA /* Project object */ = {
			isa = PBXProject;
			attributes = {
				LastSwiftUpdateCheck = 1010;
				LastUpgradeCheck = 1010;
				ORGANIZATIONNAME = yazuyazuya;
				TargetAttributes = {
					09972FD8220C164100B4EAAA = {
						CreatedOnToolsVersion = 10.1;
					};
					09972FEC220C164200B4EAAA = {
						CreatedOnToolsVersion = 10.1;
						TestTargetID = 09972FD8220C164100B4EAAA;
					};
					09972FF7220C164200B4EAAA = {
						CreatedOnToolsVersion = 10.1;
						TestTargetID = 09972FD8220C164100B4EAAA;
					};
				};
			};
			buildConfigurationList = 09972FD4220C164100B4EAAA /* Build configuration list for PBXProject "Multipeer_Game" */;
			compatibilityVersion = "Xcode 9.3";
			developmentRegion = en;
			hasScannedForEncodings = 0;
			knownRegions = (
				en,
				Base,
			);
			mainGroup = 09972FD0220C164100B4EAAA;
			productRefGroup = 09972FDA220C164100B4EAAA /* Products */;
			projectDirPath = "";
			projectRoot = "";
			targets = (
				09972FD8220C164100B4EAAA /* Multipeer_Game */,
				09972FEC220C164200B4EAAA /* Multipeer_GameTests */,
				09972FF7220C164200B4EAAA /* Multipeer_GameUITests */,
			);
		};
/* End PBXProject section */

/* Begin PBXResourcesBuildPhase section */
		09972FD7220C164100B4EAAA /* Resources */ = {
			isa = PBXResourcesBuildPhase;
			buildActionMask = 2147483647;
			files = (
				09972FE7220C164200B4EAAA /* LaunchScreen.storyboard in Resources */,
				09972FE4220C164200B4EAAA /* Assets.xcassets in Resources */,
				09972FE2220C164100B4EAAA /* Main.storyboard in Resources */,
			);
			runOnlyForDeploymentPostprocessing = 0;
		};
		09972FEB220C164200B4EAAA /* Resources */ = {
			isa = PBXResourcesBuildPhase;
			buildActionMask = 2147483647;
			files = (
			);
			runOnlyForDeploymentPostprocessing = 0;
		};
		09972FF6220C164200B4EAAA /* Resources */ = {
			isa = PBXResourcesBuildPhase;
			buildActionMask = 2147483647;
			files = (
			);
			runOnlyForDeploymentPostprocessing = 0;
		};
/* End PBXResourcesBuildPhase section */

/* Begin PBXSourcesBuildPhase section */
		09972FD5220C164100B4EAAA /* Sources */ = {
			isa = PBXSourcesBuildPhase;
			buildActionMask = 2147483647;
			files = (
				09972FDF220C164100B4EAAA /* ViewController.swift in Sources */,
				09972FDD220C164100B4EAAA /* AppDelegate.swift in Sources */,
			);
			runOnlyForDeploymentPostprocessing = 0;
		};
		09972FE9220C164200B4EAAA /* Sources */ = {
			isa = PBXSourcesBuildPhase;
			buildActionMask = 2147483647;
			files = (
				09972FF2220C164200B4EAAA /* Multipeer_GameTests.swift in Sources */,
			);
			runOnlyForDeploymentPostprocessing = 0;
		};
		09972FF4220C164200B4EAAA /* Sources */ = {
			isa = PBXSourcesBuildPhase;
			buildActionMask = 2147483647;
			files = (
				09972FFD220C164200B4EAAA /* Multipeer_GameUITests.swift in Sources */,
			);
			runOnlyForDeploymentPostprocessing = 0;
		};
/* End PBXSourcesBuildPhase section */

/* Begin PBXTargetDependency section */
		09972FEF220C164200B4EAAA /* PBXTargetDependency */ = {
			isa = PBXTargetDependency;
			target = 09972FD8220C164100B4EAAA /* Multipeer_Game */;
			targetProxy = 09972FEE220C164200B4EAAA /* PBXContainerItemProxy */;
		};
		09972FFA220C164200B4EAAA /* PBXTargetDependency */ = {
			isa = PBXTargetDependency;
			target = 09972FD8220C164100B4EAAA /* Multipeer_Game */;
			targetProxy = 09972FF9220C164200B4EAAA /* PBXContainerItemProxy */;
		};
/* End PBXTargetDependency section */

/* Begin PBXVariantGroup section */
		09972FE0220C164100B4EAAA /* Main.storyboard */ = {
			isa = PBXVariantGroup;
			children = (
				09972FE1220C164100B4EAAA /* Base */,
			);
			name = Main.storyboard;
			sourceTree = "<group>";
		};
		09972FE5220C164200B4EAAA /* LaunchScreen.storyboard */ = {
			isa = PBXVariantGroup;
			children = (
				09972FE6220C164200B4EAAA /* Base */,
			);
			name = LaunchScreen.storyboard;
			sourceTree = "<group>";
		};
/* End PBXVariantGroup section */

/* Begin XCBuildConfiguration section */
		09972FFF220C164200B4EAAA /* Debug */ = {
			isa = XCBuildConfiguration;
			buildSettings = {
				ALWAYS_SEARCH_USER_PATHS = NO;
				CLANG_ANALYZER_NONNULL = YES;
				CLANG_ANALYZER_NUMBER_OBJECT_CONVERSION = YES_AGGRESSIVE;
				CLANG_CXX_LANGUAGE_STANDARD = "gnu++14";
				CLANG_CXX_LIBRARY = "libc++";
				CLANG_ENABLE_MODULES = YES;
				CLANG_ENABLE_OBJC_ARC = YES;
				CLANG_ENABLE_OBJC_WEAK = YES;
				CLANG_WARN_BLOCK_CAPTURE_AUTORELEASING = YES;
				CLANG_WARN_BOOL_CONVERSION = YES;
				CLANG_WARN_COMMA = YES;
				CLANG_WARN_CONSTANT_CONVERSION = YES;
				CLANG_WARN_DEPRECATED_OBJC_IMPLEMENTATIONS = YES;
				CLANG_WARN_DIRECT_OBJC_ISA_USAGE = YES_ERROR;
				CLANG_WARN_DOCUMENTATION_COMMENTS = YES;
				CLANG_WARN_EMPTY_BODY = YES;
				CLANG_WARN_ENUM_CONVERSION = YES;
				CLANG_WARN_INFINITE_RECURSION = YES;
				CLANG_WARN_INT_CONVERSION = YES;
				CLANG_WARN_NON_LITERAL_NULL_CONVERSION = YES;
				CLANG_WARN_OBJC_IMPLICIT_RETAIN_SELF = YES;
				CLANG_WARN_OBJC_LITERAL_CONVERSION = YES;
				CLANG_WARN_OBJC_ROOT_CLASS = YES_ERROR;
				CLANG_WARN_RANGE_LOOP_ANALYSIS = YES;
				CLANG_WARN_STRICT_PROTOTYPES = YES;
				CLANG_WARN_SUSPICIOUS_MOVE = YES;
				CLANG_WARN_UNGUARDED_AVAILABILITY = YES_AGGRESSIVE;
				CLANG_WARN_UNREACHABLE_CODE = YES;
				CLANG_WARN__DUPLICATE_METHOD_MATCH = YES;
				CODE_SIGN_IDENTITY = "iPhone Developer";
				COPY_PHASE_STRIP = NO;
				DEBUG_INFORMATION_FORMAT = dwarf;
				ENABLE_STRICT_OBJC_MSGSEND = YES;
				ENABLE_TESTABILITY = YES;
				GCC_C_LANGUAGE_STANDARD = gnu11;
				GCC_DYNAMIC_NO_PIC = NO;
				GCC_NO_COMMON_BLOCKS = YES;
				GCC_OPTIMIZATION_LEVEL = 0;
				GCC_PREPROCESSOR_DEFINITIONS = (
					"DEBUG=1",
					"$(inherited)",
				);
				GCC_WARN_64_TO_32_BIT_CONVERSION = YES;
				GCC_WARN_ABOUT_RETURN_TYPE = YES_ERROR;
				GCC_WARN_UNDECLARED_SELECTOR = YES;
				GCC_WARN_UNINITIALIZED_AUTOS = YES_AGGRESSIVE;
				GCC_WARN_UNUSED_FUNCTION = YES;
				GCC_WARN_UNUSED_VARIABLE = YES;
				IPHONEOS_DEPLOYMENT_TARGET = 12.1;
				MTL_ENABLE_DEBUG_INFO = INCLUDE_SOURCE;
				MTL_FAST_MATH = YES;
				ONLY_ACTIVE_ARCH = YES;
				SDKROOT = iphoneos;
				SWIFT_ACTIVE_COMPILATION_CONDITIONS = DEBUG;
				SWIFT_OPTIMIZATION_LEVEL = "-Onone";
			};
			name = Debug;
		};
		09973000220C164200B4EAAA /* Release */ = {
			isa = XCBuildConfiguration;
			buildSettings = {
				ALWAYS_SEARCH_USER_PATHS = NO;
				CLANG_ANALYZER_NONNULL = YES;
				CLANG_ANALYZER_NUMBER_OBJECT_CONVERSION = YES_AGGRESSIVE;
				CLANG_CXX_LANGUAGE_STANDARD = "gnu++14";
				CLANG_CXX_LIBRARY = "libc++";
				CLANG_ENABLE_MODULES = YES;
				CLANG_ENABLE_OBJC_ARC = YES;
				CLANG_ENABLE_OBJC_WEAK = YES;
				CLANG_WARN_BLOCK_CAPTURE_AUTORELEASING = YES;
				CLANG_WARN_BOOL_CONVERSION = YES;
				CLANG_WARN_COMMA = YES;
				CLANG_WARN_CONSTANT_CONVERSION = YES;
				CLANG_WARN_DEPRECATED_OBJC_IMPLEMENTATIONS = YES;
				CLANG_WARN_DIRECT_OBJC_ISA_USAGE = YES_ERROR;
				CLANG_WARN_DOCUMENTATION_COMMENTS = YES;
				CLANG_WARN_EMPTY_BODY = YES;
				CLANG_WARN_ENUM_CONVERSION = YES;
				CLANG_WARN_INFINITE_RECURSION = YES;
				CLANG_WARN_INT_CONVERSION = YES;
				CLANG_WARN_NON_LITERAL_NULL_CONVERSION = YES;
				CLANG_WARN_OBJC_IMPLICIT_RETAIN_SELF = YES;
				CLANG_WARN_OBJC_LITERAL_CONVERSION = YES;
				CLANG_WARN_OBJC_ROOT_CLASS = YES_ERROR;
				CLANG_WARN_RANGE_LOOP_ANALYSIS = YES;
				CLANG_WARN_STRICT_PROTOTYPES = YES;
				CLANG_WARN_SUSPICIOUS_MOVE = YES;
				CLANG_WARN_UNGUARDED_AVAILABILITY = YES_AGGRESSIVE;
				CLANG_WARN_UNREACHABLE_CODE = YES;
				CLANG_WARN__DUPLICATE_METHOD_MATCH = YES;
				CODE_SIGN_IDENTITY = "iPhone Developer";
				COPY_PHASE_STRIP = NO;
				DEBUG_INFORMATION_FORMAT = "dwarf-with-dsym";
				ENABLE_NS_ASSERTIONS = NO;
				ENABLE_STRICT_OBJC_MSGSEND = YES;
				GCC_C_LANGUAGE_STANDARD = gnu11;
				GCC_NO_COMMON_BLOCKS = YES;
				GCC_WARN_64_TO_32_BIT_CONVERSION = YES;
				GCC_WARN_ABOUT_RETURN_TYPE = YES_ERROR;
				GCC_WARN_UNDECLARED_SELECTOR = YES;
				GCC_WARN_UNINITIALIZED_AUTOS = YES_AGGRESSIVE;
				GCC_WARN_UNUSED_FUNCTION = YES;
				GCC_WARN_UNUSED_VARIABLE = YES;
				IPHONEOS_DEPLOYMENT_TARGET = 12.1;
				MTL_ENABLE_DEBUG_INFO = NO;
				MTL_FAST_MATH = YES;
				SDKROOT = iphoneos;
				SWIFT_COMPILATION_MODE = wholemodule;
				SWIFT_OPTIMIZATION_LEVEL = "-O";
				VALIDATE_PRODUCT = YES;
			};
			name = Release;
		};
		09973002220C164200B4EAAA /* Debug */ = {
			isa = XCBuildConfiguration;
			buildSettings = {
				ASSETCATALOG_COMPILER_APPICON_NAME = AppIcon;
				CODE_SIGN_STYLE = Automatic;
				DEVELOPMENT_TEAM = A2XHUX9ARJ;
				INFOPLIST_FILE = Multipeer_Game/Info.plist;
				LD_RUNPATH_SEARCH_PATHS = (
					"$(inherited)",
					"@executable_path/Frameworks",
				);
				PRODUCT_BUNDLE_IDENTIFIER = "com.gmail.yazuyaono.Multipeer-Game";
				PRODUCT_NAME = "$(TARGET_NAME)";
				SWIFT_VERSION = 4.2;
				TARGETED_DEVICE_FAMILY = "1,2";
			};
			name = Debug;
		};
		09973003220C164200B4EAAA /* Release */ = {
			isa = XCBuildConfiguration;
			buildSettings = {
				ASSETCATALOG_COMPILER_APPICON_NAME = AppIcon;
				CODE_SIGN_STYLE = Automatic;
				DEVELOPMENT_TEAM = A2XHUX9ARJ;
				INFOPLIST_FILE = Multipeer_Game/Info.plist;
				LD_RUNPATH_SEARCH_PATHS = (
					"$(inherited)",
					"@executable_path/Frameworks",
				);
				PRODUCT_BUNDLE_IDENTIFIER = "com.gmail.yazuyaono.Multipeer-Game";
				PRODUCT_NAME = "$(TARGET_NAME)";
				SWIFT_VERSION = 4.2;
				TARGETED_DEVICE_FAMILY = "1,2";
			};
			name = Release;
		};
		09973005220C164200B4EAAA /* Debug */ = {
			isa = XCBuildConfiguration;
			buildSettings = {
				ALWAYS_EMBED_SWIFT_STANDARD_LIBRARIES = YES;
				BUNDLE_LOADER = "$(TEST_HOST)";
				CODE_SIGN_STYLE = Automatic;
				DEVELOPMENT_TEAM = A2XHUX9ARJ;
				INFOPLIST_FILE = Multipeer_GameTests/Info.plist;
				LD_RUNPATH_SEARCH_PATHS = (
					"$(inherited)",
					"@executable_path/Frameworks",
					"@loader_path/Frameworks",
				);
				PRODUCT_BUNDLE_IDENTIFIER = "com.gmail.yazuyaono.Multipeer-GameTests";
				PRODUCT_NAME = "$(TARGET_NAME)";
				SWIFT_VERSION = 4.2;
				TARGETED_DEVICE_FAMILY = "1,2";
				TEST_HOST = "$(BUILT_PRODUCTS_DIR)/Multipeer_Game.app/Multipeer_Game";
			};
			name = Debug;
		};
		09973006220C164200B4EAAA /* Release */ = {
			isa = XCBuildConfiguration;
			buildSettings = {
				ALWAYS_EMBED_SWIFT_STANDARD_LIBRARIES = YES;
				BUNDLE_LOADER = "$(TEST_HOST)";
				CODE_SIGN_STYLE = Automatic;
				DEVELOPMENT_TEAM = A2XHUX9ARJ;
				INFOPLIST_FILE = Multipeer_GameTests/Info.plist;
				LD_RUNPATH_SEARCH_PATHS = (
					"$(inherited)",
					"@executable_path/Frameworks",
					"@loader_path/Frameworks",
				);
				PRODUCT_BUNDLE_IDENTIFIER = "com.gmail.yazuyaono.Multipeer-GameTests";
				PRODUCT_NAME = "$(TARGET_NAME)";
				SWIFT_VERSION = 4.2;
				TARGETED_DEVICE_FAMILY = "1,2";
				TEST_HOST = "$(BUILT_PRODUCTS_DIR)/Multipeer_Game.app/Multipeer_Game";
			};
			name = Release;
		};
		09973008220C164200B4EAAA /* Debug */ = {
			isa = XCBuildConfiguration;
			buildSettings = {
				ALWAYS_EMBED_SWIFT_STANDARD_LIBRARIES = YES;
				CODE_SIGN_STYLE = Automatic;
				DEVELOPMENT_TEAM = A2XHUX9ARJ;
				INFOPLIST_FILE = Multipeer_GameUITests/Info.plist;
				LD_RUNPATH_SEARCH_PATHS = (
					"$(inherited)",
					"@executable_path/Frameworks",
					"@loader_path/Frameworks",
				);
				PRODUCT_BUNDLE_IDENTIFIER = "com.gmail.yazuyaono.Multipeer-GameUITests";
				PRODUCT_NAME = "$(TARGET_NAME)";
				SWIFT_VERSION = 4.2;
				TARGETED_DEVICE_FAMILY = "1,2";
				TEST_TARGET_NAME = Multipeer_Game;
			};
			name = Debug;
		};
		09973009220C164200B4EAAA /* Release */ = {
			isa = XCBuildConfiguration;
			buildSettings = {
				ALWAYS_EMBED_SWIFT_STANDARD_LIBRARIES = YES;
				CODE_SIGN_STYLE = Automatic;
				DEVELOPMENT_TEAM = A2XHUX9ARJ;
				INFOPLIST_FILE = Multipeer_GameUITests/Info.plist;
				LD_RUNPATH_SEARCH_PATHS = (
					"$(inherited)",
					"@executable_path/Frameworks",
					"@loader_path/Frameworks",
				);
				PRODUCT_BUNDLE_IDENTIFIER = "com.gmail.yazuyaono.Multipeer-GameUITests";
				PRODUCT_NAME = "$(TARGET_NAME)";
				SWIFT_VERSION = 4.2;
				TARGETED_DEVICE_FAMILY = "1,2";
				TEST_TARGET_NAME = Multipeer_Game;
			};
			name = Release;
		};
/* End XCBuildConfiguration section */

/* Begin XCConfigurationList section */
		09972FD4220C164100B4EAAA /* Build configuration list for PBXProject "Multipeer_Game" */ = {
			isa = XCConfigurationList;
			buildConfigurations = (
				09972FFF220C164200B4EAAA /* Debug */,
				09973000220C164200B4EAAA /* Release */,
			);
			defaultConfigurationIsVisible = 0;
			defaultConfigurationName = Release;
		};
		09973001220C164200B4EAAA /* Build configuration list for PBXNativeTarget "Multipeer_Game" */ = {
			isa = XCConfigurationList;
			buildConfigurations = (
				09973002220C164200B4EAAA /* Debug */,
				09973003220C164200B4EAAA /* Release */,
			);
			defaultConfigurationIsVisible = 0;
			defaultConfigurationName = Release;
		};
		09973004220C164200B4EAAA /* Build configuration list for PBXNativeTarget "Multipeer_GameTests" */ = {
			isa = XCConfigurationList;
			buildConfigurations = (
				09973005220C164200B4EAAA /* Debug */,
				09973006220C164200B4EAAA /* Release */,
			);
			defaultConfigurationIsVisible = 0;
			defaultConfigurationName = Release;
		};
		09973007220C164200B4EAAA /* Build configuration list for PBXNativeTarget "Multipeer_GameUITests" */ = {
			isa = XCConfigurationList;
			buildConfigurations = (
				09973008220C164200B4EAAA /* Debug */,
				09973009220C164200B4EAAA /* Release */,
			);
			defaultConfigurationIsVisible = 0;
			defaultConfigurationName = Release;
		};
/* End XCConfigurationList section */
	};
	rootObject = 09972FD1220C164100B4EAAA /* Project object */;
}
